{
  "requires": true,
  "lockfileVersion": 1,
  "dependencies": {
    "react-native-actionsheet": {
      "version": "2.4.2",
      "resolved": "https://registry.npmjs.org/react-native-actionsheet/-/react-native-actionsheet-2.4.2.tgz",
      "integrity": "sha512-DBoWIvVwuWXuptF4t46pBqkFxaUxS+rsIdHiA05t0n4BdTIDV2R4s9bLEUVOGzb94D7VxIamsXZPA/3mmw+SXg=="
    }
  }
}
